
Microsoft Visual Studio Solution File, Format Version 12.00
# Visual Studio 15
VisualStudioVersion = 15.0.28010.2041
MinimumVisualStudioVersion = 10.0.40219.1
Project("{FAE04EC0-301F-11D3-BF4B-00C04F79EFBC}") = "Mailing-system-V2", "Mailing-system-V2\Mailing-system-V2.csproj", "{CEAE06B6-1419-4FD5-8EE4-DDC2C154A5AD}"
EndProject
Global
	GlobalSection(SolutionConfigurationPlatforms) = preSolution
		Debug|Any CPU = Debug|Any CPU
		Release|Any CPU = Release|Any CPU
	EndGlobalSection
	GlobalSection(ProjectConfigurationPlatforms) = postSolution
		{CEAE06B6-1419-4FD5-8EE4-DDC2C154A5AD}.Debug|Any CPU.ActiveCfg = Debug|Any CPU
		{CEAE06B6-1419-4FD5-8EE4-DDC2C154A5AD}.Debug|Any CPU.Build.0 = Debug|Any CPU
		{CEAE06B6-1419-4FD5-8EE4-DDC2C154A5AD}.Release|Any CPU.ActiveCfg = Release|Any CPU
		{CEAE06B6-1419-4FD5-8EE4-DDC2C154A5AD}.Release|Any CPU.Build.0 = Release|Any CPU
	EndGlobalSection
	GlobalSection(SolutionProperties) = preSolution
		HideSolutionNode = FALSE
	EndGlobalSection
	GlobalSection(ExtensibilityGlobals) = postSolution
		SolutionGuid = {2B992D1E-7622-4DA6-9289-5C49E5416E19}
	EndGlobalSection
EndGlobal
